
Microsoft Visual Studio Solution File, Format Version 11.00
# Visual Studio 2010
Project("{D2ABAB84-BF74-430A-B69E-9DC6D40DDA17}") = "AdventureWorksDW2012Multidimensional-EE", "AdventureWorksDW2012Multidimensional-EE\AdventureWorksDW2012Multidimensional-EE.dwproj", "{EC09F1C7-9DED-4C03-9C92-AFFE2330E166}"
EndProject
Global
	GlobalSection(SolutionConfigurationPlatforms) = preSolution
		Development|Default = Development|Default
	EndGlobalSection
	GlobalSection(ProjectConfigurationPlatforms) = postSolution
		{EC09F1C7-9DED-4C03-9C92-AFFE2330E166}.Development|Default.ActiveCfg = Development
		{EC09F1C7-9DED-4C03-9C92-AFFE2330E166}.Development|Default.Build.0 = Development
		{EC09F1C7-9DED-4C03-9C92-AFFE2330E166}.Development|Default.Deploy.0 = Development
	EndGlobalSection
	GlobalSection(SolutionProperties) = preSolution
		HideSolutionNode = FALSE
	EndGlobalSection
EndGlobal
